
Microsoft Visual Studio Solution File, Format Version 12.00
# Visual Studio 15
VisualStudioVersion = 15.0.28307.271
MinimumVisualStudioVersion = 10.0.40219.1
Project("{FAE04EC0-301F-11D3-BF4B-00C04F79EFBC}") = "Assignment", "Whitebox\Assignment.csproj", "{6FEFECEE-414B-4366-89B8-F6505A400471}"
EndProject
Project("{FAE04EC0-301F-11D3-BF4B-00C04F79EFBC}") = "InsuranceService.WhiteboxTesting", "InsuranceService.WhiteboxTesting\InsuranceService.WhiteboxTesting.csproj", "{3C95F40E-C1FC-4494-8755-97290692C1BF}"
EndProject
Project("{FAE04EC0-301F-11D3-BF4B-00C04F79EFBC}") = "BlackboxTests", "BlackboxTests\BlackboxTests.csproj", "{5109261C-96B8-43A9-BFA0-4E5DAAEC9833}"
EndProject
Project("{FAE04EC0-301F-11D3-BF4B-00C04F79EFBC}") = "SeleniumTests", "SeleniumTests\SeleniumTests.csproj", "{857C05FA-3DC7-45DD-B28A-E63EB1C39CA9}"
EndProject
Global
	GlobalSection(SolutionConfigurationPlatforms) = preSolution
		Debug|Any CPU = Debug|Any CPU
		Release|Any CPU = Release|Any CPU
	EndGlobalSection
	GlobalSection(ProjectConfigurationPlatforms) = postSolution
		{6FEFECEE-414B-4366-89B8-F6505A400471}.Debug|Any CPU.ActiveCfg = Debug|Any CPU
		{6FEFECEE-414B-4366-89B8-F6505A400471}.Debug|Any CPU.Build.0 = Debug|Any CPU
		{6FEFECEE-414B-4366-89B8-F6505A400471}.Release|Any CPU.ActiveCfg = Release|Any CPU
		{6FEFECEE-414B-4366-89B8-F6505A400471}.Release|Any CPU.Build.0 = Release|Any CPU
		{3C95F40E-C1FC-4494-8755-97290692C1BF}.Debug|Any CPU.ActiveCfg = Debug|Any CPU
		{3C95F40E-C1FC-4494-8755-97290692C1BF}.Debug|Any CPU.Build.0 = Debug|Any CPU
		{3C95F40E-C1FC-4494-8755-97290692C1BF}.Release|Any CPU.ActiveCfg = Release|Any CPU
		{3C95F40E-C1FC-4494-8755-97290692C1BF}.Release|Any CPU.Build.0 = Release|Any CPU
		{5109261C-96B8-43A9-BFA0-4E5DAAEC9833}.Debug|Any CPU.ActiveCfg = Debug|Any CPU
		{5109261C-96B8-43A9-BFA0-4E5DAAEC9833}.Debug|Any CPU.Build.0 = Debug|Any CPU
		{5109261C-96B8-43A9-BFA0-4E5DAAEC9833}.Release|Any CPU.ActiveCfg = Release|Any CPU
		{5109261C-96B8-43A9-BFA0-4E5DAAEC9833}.Release|Any CPU.Build.0 = Release|Any CPU
		{857C05FA-3DC7-45DD-B28A-E63EB1C39CA9}.Debug|Any CPU.ActiveCfg = Debug|Any CPU
		{857C05FA-3DC7-45DD-B28A-E63EB1C39CA9}.Debug|Any CPU.Build.0 = Debug|Any CPU
		{857C05FA-3DC7-45DD-B28A-E63EB1C39CA9}.Release|Any CPU.ActiveCfg = Release|Any CPU
		{857C05FA-3DC7-45DD-B28A-E63EB1C39CA9}.Release|Any CPU.Build.0 = Release|Any CPU
	EndGlobalSection
	GlobalSection(SolutionProperties) = preSolution
		HideSolutionNode = FALSE
	EndGlobalSection
	GlobalSection(ExtensibilityGlobals) = postSolution
		SolutionGuid = {E5013A36-300F-4CEF-8220-DDBA3B5CFD08}
	EndGlobalSection
EndGlobal
